# This file is automatically @generated by Cargo.
# It is not intended for manual editing.
version = 3

[[package]]
name = "advent"
version = "0.1.0"
dependencies = [
 "typedmap",
]

[[package]]
name = "typedmap"
version = "0.3.0"
source = "registry+https://github.com/rust-lang/crates.io-index"
checksum = "fbfc7ea8dd18d29ca941c1ea23c0cd013042aaf4f4c63724666bd211747d8767"
